
Microsoft Visual Studio Solution File, Format Version 12.00
# Visual Studio Version 16
VisualStudioVersion = 16.0.30717.126
MinimumVisualStudioVersion = 15.0.26124.0
Project("{2150E333-8FDC-42A3-9474-1A3956D46DE8}") = "src", "src", "{F251D05E-FF11-4FBC-AC2A-C5649B69D474}"
EndProject
Project("{9A19103F-16F7-4668-BE54-9A1E7A4F7556}") = "Api", "src\Api\Api.csproj", "{E55138C9-5DEF-4434-9239-223143517807}"
EndProject
Project("{9A19103F-16F7-4668-BE54-9A1E7A4F7556}") = "Core", "src\Core\Core.csproj", "{D4DC3EC7-DF2E-40FF-B37D-83A1AA3F0230}"
EndProject
Project("{9A19103F-16F7-4668-BE54-9A1E7A4F7556}") = "DAL", "src\Data\DAL.csproj", "{4C123C7C-D6A5-4D76-823F-8AAE25B074D4}"
EndProject
Project("{9A19103F-16F7-4668-BE54-9A1E7A4F7556}") = "OrderService", "src\OrderService\OrderService.csproj", "{86024665-83A7-4EA6-901A-F289DBBBFFF0}"
EndProject
Project("{2150E333-8FDC-42A3-9474-1A3956D46DE8}") = "Solution Items", "Solution Items", "{27F3D26F-0CBD-468C-9DB8-3B6E9DD8E274}"
	ProjectSection(SolutionItems) = preProject
		docker-compose.yml = docker-compose.yml
	EndProjectSection
EndProject
Project("{9A19103F-16F7-4668-BE54-9A1E7A4F7556}") = "Data_Tests", "tests\Data_Tests\Data_Tests.csproj", "{8B7A267E-6F4D-42DC-9E76-64324559A5AD}"
EndProject
Project("{2150E333-8FDC-42A3-9474-1A3956D46DE8}") = "tests", "tests", "{3F814391-F244-43D3-BFBD-E0096C1E28AD}"
EndProject
Global
	GlobalSection(SolutionConfigurationPlatforms) = preSolution
		Debug|Any CPU = Debug|Any CPU
		Debug|x64 = Debug|x64
		Debug|x86 = Debug|x86
		Release|Any CPU = Release|Any CPU
		Release|x64 = Release|x64
		Release|x86 = Release|x86
	EndGlobalSection
	GlobalSection(ProjectConfigurationPlatforms) = postSolution
		{E55138C9-5DEF-4434-9239-223143517807}.Debug|Any CPU.ActiveCfg = Debug|Any CPU
		{E55138C9-5DEF-4434-9239-223143517807}.Debug|Any CPU.Build.0 = Debug|Any CPU
		{E55138C9-5DEF-4434-9239-223143517807}.Debug|x64.ActiveCfg = Debug|Any CPU
		{E55138C9-5DEF-4434-9239-223143517807}.Debug|x64.Build.0 = Debug|Any CPU
		{E55138C9-5DEF-4434-9239-223143517807}.Debug|x86.ActiveCfg = Debug|Any CPU
		{E55138C9-5DEF-4434-9239-223143517807}.Debug|x86.Build.0 = Debug|Any CPU
		{E55138C9-5DEF-4434-9239-223143517807}.Release|Any CPU.ActiveCfg = Release|Any CPU
		{E55138C9-5DEF-4434-9239-223143517807}.Release|Any CPU.Build.0 = Release|Any CPU
		{E55138C9-5DEF-4434-9239-223143517807}.Release|x64.ActiveCfg = Release|Any CPU
		{E55138C9-5DEF-4434-9239-223143517807}.Release|x64.Build.0 = Release|Any CPU
		{E55138C9-5DEF-4434-9239-223143517807}.Release|x86.ActiveCfg = Release|Any CPU
		{E55138C9-5DEF-4434-9239-223143517807}.Release|x86.Build.0 = Release|Any CPU
		{D4DC3EC7-DF2E-40FF-B37D-83A1AA3F0230}.Debug|Any CPU.ActiveCfg = Debug|Any CPU
		{D4DC3EC7-DF2E-40FF-B37D-83A1AA3F0230}.Debug|Any CPU.Build.0 = Debug|Any CPU
		{D4DC3EC7-DF2E-40FF-B37D-83A1AA3F0230}.Debug|x64.ActiveCfg = Debug|Any CPU
		{D4DC3EC7-DF2E-40FF-B37D-83A1AA3F0230}.Debug|x64.Build.0 = Debug|Any CPU
		{D4DC3EC7-DF2E-40FF-B37D-83A1AA3F0230}.Debug|x86.ActiveCfg = Debug|Any CPU
		{D4DC3EC7-DF2E-40FF-B37D-83A1AA3F0230}.Debug|x86.Build.0 = Debug|Any CPU
		{D4DC3EC7-DF2E-40FF-B37D-83A1AA3F0230}.Release|Any CPU.ActiveCfg = Release|Any CPU
		{D4DC3EC7-DF2E-40FF-B37D-83A1AA3F0230}.Release|Any CPU.Build.0 = Release|Any CPU
		{D4DC3EC7-DF2E-40FF-B37D-83A1AA3F0230}.Release|x64.ActiveCfg = Release|Any CPU
		{D4DC3EC7-DF2E-40FF-B37D-83A1AA3F0230}.Release|x64.Build.0 = Release|Any CPU
		{D4DC3EC7-DF2E-40FF-B37D-83A1AA3F0230}.Release|x86.ActiveCfg = Release|Any CPU
		{D4DC3EC7-DF2E-40FF-B37D-83A1AA3F0230}.Release|x86.Build.0 = Release|Any CPU
		{4C123C7C-D6A5-4D76-823F-8AAE25B074D4}.Debug|Any CPU.ActiveCfg = Debug|Any CPU
		{4C123C7C-D6A5-4D76-823F-8AAE25B074D4}.Debug|Any CPU.Build.0 = Debug|Any CPU
		{4C123C7C-D6A5-4D76-823F-8AAE25B074D4}.Debug|x64.ActiveCfg = Debug|Any CPU
		{4C123C7C-D6A5-4D76-823F-8AAE25B074D4}.Debug|x64.Build.0 = Debug|Any CPU
		{4C123C7C-D6A5-4D76-823F-8AAE25B074D4}.Debug|x86.ActiveCfg = Debug|Any CPU
		{4C123C7C-D6A5-4D76-823F-8AAE25B074D4}.Debug|x86.Build.0 = Debug|Any CPU
		{4C123C7C-D6A5-4D76-823F-8AAE25B074D4}.Release|Any CPU.ActiveCfg = Release|Any CPU
		{4C123C7C-D6A5-4D76-823F-8AAE25B074D4}.Release|Any CPU.Build.0 = Release|Any CPU
		{4C123C7C-D6A5-4D76-823F-8AAE25B074D4}.Release|x64.ActiveCfg = Release|Any CPU
		{4C123C7C-D6A5-4D76-823F-8AAE25B074D4}.Release|x64.Build.0 = Release|Any CPU
		{4C123C7C-D6A5-4D76-823F-8AAE25B074D4}.Release|x86.ActiveCfg = Release|Any CPU
		{4C123C7C-D6A5-4D76-823F-8AAE25B074D4}.Release|x86.Build.0 = Release|Any CPU
		{86024665-83A7-4EA6-901A-F289DBBBFFF0}.Debug|Any CPU.ActiveCfg = Debug|Any CPU
		{86024665-83A7-4EA6-901A-F289DBBBFFF0}.Debug|Any CPU.Build.0 = Debug|Any CPU
		{86024665-83A7-4EA6-901A-F289DBBBFFF0}.Debug|x64.ActiveCfg = Debug|Any CPU
		{86024665-83A7-4EA6-901A-F289DBBBFFF0}.Debug|x64.Build.0 = Debug|Any CPU
		{86024665-83A7-4EA6-901A-F289DBBBFFF0}.Debug|x86.ActiveCfg = Debug|Any CPU
		{86024665-83A7-4EA6-901A-F289DBBBFFF0}.Debug|x86.Build.0 = Debug|Any CPU
		{86024665-83A7-4EA6-901A-F289DBBBFFF0}.Release|Any CPU.ActiveCfg = Release|Any CPU
		{86024665-83A7-4EA6-901A-F289DBBBFFF0}.Release|Any CPU.Build.0 = Release|Any CPU
		{86024665-83A7-4EA6-901A-F289DBBBFFF0}.Release|x64.ActiveCfg = Release|Any CPU
		{86024665-83A7-4EA6-901A-F289DBBBFFF0}.Release|x64.Build.0 = Release|Any CPU
		{86024665-83A7-4EA6-901A-F289DBBBFFF0}.Release|x86.ActiveCfg = Release|Any CPU
		{86024665-83A7-4EA6-901A-F289DBBBFFF0}.Release|x86.Build.0 = Release|Any CPU
		{8B7A267E-6F4D-42DC-9E76-64324559A5AD}.Debug|Any CPU.ActiveCfg = Debug|Any CPU
		{8B7A267E-6F4D-42DC-9E76-64324559A5AD}.Debug|Any CPU.Build.0 = Debug|Any CPU
		{8B7A267E-6F4D-42DC-9E76-64324559A5AD}.Debug|x64.ActiveCfg = Debug|Any CPU
		{8B7A267E-6F4D-42DC-9E76-64324559A5AD}.Debug|x64.Build.0 = Debug|Any CPU
		{8B7A267E-6F4D-42DC-9E76-64324559A5AD}.Debug|x86.ActiveCfg = Debug|Any CPU
		{8B7A267E-6F4D-42DC-9E76-64324559A5AD}.Debug|x86.Build.0 = Debug|Any CPU
		{8B7A267E-6F4D-42DC-9E76-64324559A5AD}.Release|Any CPU.ActiveCfg = Release|Any CPU
		{8B7A267E-6F4D-42DC-9E76-64324559A5AD}.Release|Any CPU.Build.0 = Release|Any CPU
		{8B7A267E-6F4D-42DC-9E76-64324559A5AD}.Release|x64.ActiveCfg = Release|Any CPU
		{8B7A267E-6F4D-42DC-9E76-64324559A5AD}.Release|x64.Build.0 = Release|Any CPU
		{8B7A267E-6F4D-42DC-9E76-64324559A5AD}.Release|x86.ActiveCfg = Release|Any CPU
		{8B7A267E-6F4D-42DC-9E76-64324559A5AD}.Release|x86.Build.0 = Release|Any CPU
	EndGlobalSection
	GlobalSection(SolutionProperties) = preSolution
		HideSolutionNode = FALSE
	EndGlobalSection
	GlobalSection(NestedProjects) = preSolution
		{E55138C9-5DEF-4434-9239-223143517807} = {F251D05E-FF11-4FBC-AC2A-C5649B69D474}
		{D4DC3EC7-DF2E-40FF-B37D-83A1AA3F0230} = {F251D05E-FF11-4FBC-AC2A-C5649B69D474}
		{4C123C7C-D6A5-4D76-823F-8AAE25B074D4} = {F251D05E-FF11-4FBC-AC2A-C5649B69D474}
		{86024665-83A7-4EA6-901A-F289DBBBFFF0} = {F251D05E-FF11-4FBC-AC2A-C5649B69D474}
		{8B7A267E-6F4D-42DC-9E76-64324559A5AD} = {3F814391-F244-43D3-BFBD-E0096C1E28AD}
	EndGlobalSection
	GlobalSection(ExtensibilityGlobals) = postSolution
		SolutionGuid = {FC424604-B08F-442F-8702-93FA99A68B71}
	EndGlobalSection
EndGlobal
