
Microsoft Visual Studio Solution File, Format Version 12.00
# Visual Studio Version 16
VisualStudioVersion = 16.0.30717.126
MinimumVisualStudioVersion = 15.0.26124.0
Project("{2150E333-8FDC-42A3-9474-1A3956D46DE8}") = "src", "src", "{F251D05E-FF11-4FBC-AC2A-C5649B69D474}"
EndProject
Project("{2150E333-8FDC-42A3-9474-1A3956D46DE8}") = "Solution Items", "Solution Items", "{27F3D26F-0CBD-468C-9DB8-3B6E9DD8E274}"
	ProjectSection(SolutionItems) = preProject
		docker-compose.yml = docker-compose.yml
	EndProjectSection
EndProject
Project("{2150E333-8FDC-42A3-9474-1A3956D46DE8}") = "tests", "tests", "{3F814391-F244-43D3-BFBD-E0096C1E28AD}"
EndProject
Project("{9A19103F-16F7-4668-BE54-9A1E7A4F7556}") = "OrderSystem.Data", "src\OrderSystem.Data\OrderSystem.Data.csproj", "{93468B5E-0367-4A0A-AA24-BD4827D74B55}"
EndProject
Project("{9A19103F-16F7-4668-BE54-9A1E7A4F7556}") = "OrderSystem.Data.UnitTests", "tests\Unit Tests\OrderSystem.Data.Tests\OrderSystem.Data.UnitTests.csproj", "{0C2C3BFF-DCB1-4B5E-ABB4-AD8E91292926}"
EndProject
Project("{2150E333-8FDC-42A3-9474-1A3956D46DE8}") = "Unit Tests", "Unit Tests", "{0FC8DD69-F9BC-45AE-A667-B8B536C9C81A}"
EndProject
Project("{2150E333-8FDC-42A3-9474-1A3956D46DE8}") = "Integration Tests", "Integration Tests", "{79B65C7C-CDCB-4A2D-B076-4000819C2D10}"
EndProject
Project("{9A19103F-16F7-4668-BE54-9A1E7A4F7556}") = "OrderSystem.Messaging.IntegrationTests", "tests\Integration Tests\OrderSystem.Messaging.Tests\OrderSystem.Messaging.IntegrationTests.csproj", "{D31D497D-FA6C-4B09-B034-88CB7AC9E342}"
EndProject
Project("{9A19103F-16F7-4668-BE54-9A1E7A4F7556}") = "OrderSystem.Messaging", "src\OrderSystem.Messaging\OrderSystem.Messaging.csproj", "{3FCA3119-90B1-47C8-8E9B-7F2C8F99C48D}"
EndProject
Project("{9A19103F-16F7-4668-BE54-9A1E7A4F7556}") = "TestUtils", "tests\Utils\TestUtils\TestUtils.csproj", "{F6E37113-5641-4D1F-A360-98F5243E7ED8}"
EndProject
Project("{9A19103F-16F7-4668-BE54-9A1E7A4F7556}") = "OrderSystem.Core", "src\OrderSystem.Core\OrderSystem.Core.csproj", "{E156BA81-1140-46EC-AEA0-DE3B68BC7D29}"
EndProject
Project("{9A19103F-16F7-4668-BE54-9A1E7A4F7556}") = "OrderSystem.Api", "src\OrderSystem.Api\OrderSystem.Api.csproj", "{06559E5D-3ED3-4F16-BC0C-74BF06796295}"
EndProject
Project("{FAE04EC0-301F-11D3-BF4B-00C04F79EFBC}") = "OrderSystem.Messaging.UnitTests", "tests\Unit Tests\OrderSystem.Messaging.UnitTests\OrderSystem.Messaging.UnitTests.csproj", "{84C1E83C-DFA4-4F86-9637-5A8E926E55BE}"
EndProject
Global
	GlobalSection(SolutionConfigurationPlatforms) = preSolution
		Debug|Any CPU = Debug|Any CPU
		Debug|x64 = Debug|x64
		Debug|x86 = Debug|x86
		Release|Any CPU = Release|Any CPU
		Release|x64 = Release|x64
		Release|x86 = Release|x86
	EndGlobalSection
	GlobalSection(ProjectConfigurationPlatforms) = postSolution
		{93468B5E-0367-4A0A-AA24-BD4827D74B55}.Debug|Any CPU.ActiveCfg = Debug|Any CPU
		{93468B5E-0367-4A0A-AA24-BD4827D74B55}.Debug|Any CPU.Build.0 = Debug|Any CPU
		{93468B5E-0367-4A0A-AA24-BD4827D74B55}.Debug|x64.ActiveCfg = Debug|Any CPU
		{93468B5E-0367-4A0A-AA24-BD4827D74B55}.Debug|x64.Build.0 = Debug|Any CPU
		{93468B5E-0367-4A0A-AA24-BD4827D74B55}.Debug|x86.ActiveCfg = Debug|Any CPU
		{93468B5E-0367-4A0A-AA24-BD4827D74B55}.Debug|x86.Build.0 = Debug|Any CPU
		{93468B5E-0367-4A0A-AA24-BD4827D74B55}.Release|Any CPU.ActiveCfg = Release|Any CPU
		{93468B5E-0367-4A0A-AA24-BD4827D74B55}.Release|Any CPU.Build.0 = Release|Any CPU
		{93468B5E-0367-4A0A-AA24-BD4827D74B55}.Release|x64.ActiveCfg = Release|Any CPU
		{93468B5E-0367-4A0A-AA24-BD4827D74B55}.Release|x64.Build.0 = Release|Any CPU
		{93468B5E-0367-4A0A-AA24-BD4827D74B55}.Release|x86.ActiveCfg = Release|Any CPU
		{93468B5E-0367-4A0A-AA24-BD4827D74B55}.Release|x86.Build.0 = Release|Any CPU
		{0C2C3BFF-DCB1-4B5E-ABB4-AD8E91292926}.Debug|Any CPU.ActiveCfg = Debug|Any CPU
		{0C2C3BFF-DCB1-4B5E-ABB4-AD8E91292926}.Debug|Any CPU.Build.0 = Debug|Any CPU
		{0C2C3BFF-DCB1-4B5E-ABB4-AD8E91292926}.Debug|x64.ActiveCfg = Debug|Any CPU
		{0C2C3BFF-DCB1-4B5E-ABB4-AD8E91292926}.Debug|x64.Build.0 = Debug|Any CPU
		{0C2C3BFF-DCB1-4B5E-ABB4-AD8E91292926}.Debug|x86.ActiveCfg = Debug|Any CPU
		{0C2C3BFF-DCB1-4B5E-ABB4-AD8E91292926}.Debug|x86.Build.0 = Debug|Any CPU
		{0C2C3BFF-DCB1-4B5E-ABB4-AD8E91292926}.Release|Any CPU.ActiveCfg = Release|Any CPU
		{0C2C3BFF-DCB1-4B5E-ABB4-AD8E91292926}.Release|Any CPU.Build.0 = Release|Any CPU
		{0C2C3BFF-DCB1-4B5E-ABB4-AD8E91292926}.Release|x64.ActiveCfg = Release|Any CPU
		{0C2C3BFF-DCB1-4B5E-ABB4-AD8E91292926}.Release|x64.Build.0 = Release|Any CPU
		{0C2C3BFF-DCB1-4B5E-ABB4-AD8E91292926}.Release|x86.ActiveCfg = Release|Any CPU
		{0C2C3BFF-DCB1-4B5E-ABB4-AD8E91292926}.Release|x86.Build.0 = Release|Any CPU
		{D31D497D-FA6C-4B09-B034-88CB7AC9E342}.Debug|Any CPU.ActiveCfg = Debug|Any CPU
		{D31D497D-FA6C-4B09-B034-88CB7AC9E342}.Debug|Any CPU.Build.0 = Debug|Any CPU
		{D31D497D-FA6C-4B09-B034-88CB7AC9E342}.Debug|x64.ActiveCfg = Debug|Any CPU
		{D31D497D-FA6C-4B09-B034-88CB7AC9E342}.Debug|x64.Build.0 = Debug|Any CPU
		{D31D497D-FA6C-4B09-B034-88CB7AC9E342}.Debug|x86.ActiveCfg = Debug|Any CPU
		{D31D497D-FA6C-4B09-B034-88CB7AC9E342}.Debug|x86.Build.0 = Debug|Any CPU
		{D31D497D-FA6C-4B09-B034-88CB7AC9E342}.Release|Any CPU.ActiveCfg = Release|Any CPU
		{D31D497D-FA6C-4B09-B034-88CB7AC9E342}.Release|Any CPU.Build.0 = Release|Any CPU
		{D31D497D-FA6C-4B09-B034-88CB7AC9E342}.Release|x64.ActiveCfg = Release|Any CPU
		{D31D497D-FA6C-4B09-B034-88CB7AC9E342}.Release|x64.Build.0 = Release|Any CPU
		{D31D497D-FA6C-4B09-B034-88CB7AC9E342}.Release|x86.ActiveCfg = Release|Any CPU
		{D31D497D-FA6C-4B09-B034-88CB7AC9E342}.Release|x86.Build.0 = Release|Any CPU
		{3FCA3119-90B1-47C8-8E9B-7F2C8F99C48D}.Debug|Any CPU.ActiveCfg = Debug|Any CPU
		{3FCA3119-90B1-47C8-8E9B-7F2C8F99C48D}.Debug|Any CPU.Build.0 = Debug|Any CPU
		{3FCA3119-90B1-47C8-8E9B-7F2C8F99C48D}.Debug|x64.ActiveCfg = Debug|Any CPU
		{3FCA3119-90B1-47C8-8E9B-7F2C8F99C48D}.Debug|x64.Build.0 = Debug|Any CPU
		{3FCA3119-90B1-47C8-8E9B-7F2C8F99C48D}.Debug|x86.ActiveCfg = Debug|Any CPU
		{3FCA3119-90B1-47C8-8E9B-7F2C8F99C48D}.Debug|x86.Build.0 = Debug|Any CPU
		{3FCA3119-90B1-47C8-8E9B-7F2C8F99C48D}.Release|Any CPU.ActiveCfg = Release|Any CPU
		{3FCA3119-90B1-47C8-8E9B-7F2C8F99C48D}.Release|Any CPU.Build.0 = Release|Any CPU
		{3FCA3119-90B1-47C8-8E9B-7F2C8F99C48D}.Release|x64.ActiveCfg = Release|Any CPU
		{3FCA3119-90B1-47C8-8E9B-7F2C8F99C48D}.Release|x64.Build.0 = Release|Any CPU
		{3FCA3119-90B1-47C8-8E9B-7F2C8F99C48D}.Release|x86.ActiveCfg = Release|Any CPU
		{3FCA3119-90B1-47C8-8E9B-7F2C8F99C48D}.Release|x86.Build.0 = Release|Any CPU
		{F6E37113-5641-4D1F-A360-98F5243E7ED8}.Debug|Any CPU.ActiveCfg = Debug|Any CPU
		{F6E37113-5641-4D1F-A360-98F5243E7ED8}.Debug|Any CPU.Build.0 = Debug|Any CPU
		{F6E37113-5641-4D1F-A360-98F5243E7ED8}.Debug|x64.ActiveCfg = Debug|Any CPU
		{F6E37113-5641-4D1F-A360-98F5243E7ED8}.Debug|x64.Build.0 = Debug|Any CPU
		{F6E37113-5641-4D1F-A360-98F5243E7ED8}.Debug|x86.ActiveCfg = Debug|Any CPU
		{F6E37113-5641-4D1F-A360-98F5243E7ED8}.Debug|x86.Build.0 = Debug|Any CPU
		{F6E37113-5641-4D1F-A360-98F5243E7ED8}.Release|Any CPU.ActiveCfg = Release|Any CPU
		{F6E37113-5641-4D1F-A360-98F5243E7ED8}.Release|Any CPU.Build.0 = Release|Any CPU
		{F6E37113-5641-4D1F-A360-98F5243E7ED8}.Release|x64.ActiveCfg = Release|Any CPU
		{F6E37113-5641-4D1F-A360-98F5243E7ED8}.Release|x64.Build.0 = Release|Any CPU
		{F6E37113-5641-4D1F-A360-98F5243E7ED8}.Release|x86.ActiveCfg = Release|Any CPU
		{F6E37113-5641-4D1F-A360-98F5243E7ED8}.Release|x86.Build.0 = Release|Any CPU
		{E156BA81-1140-46EC-AEA0-DE3B68BC7D29}.Debug|Any CPU.ActiveCfg = Debug|Any CPU
		{E156BA81-1140-46EC-AEA0-DE3B68BC7D29}.Debug|Any CPU.Build.0 = Debug|Any CPU
		{E156BA81-1140-46EC-AEA0-DE3B68BC7D29}.Debug|x64.ActiveCfg = Debug|Any CPU
		{E156BA81-1140-46EC-AEA0-DE3B68BC7D29}.Debug|x64.Build.0 = Debug|Any CPU
		{E156BA81-1140-46EC-AEA0-DE3B68BC7D29}.Debug|x86.ActiveCfg = Debug|Any CPU
		{E156BA81-1140-46EC-AEA0-DE3B68BC7D29}.Debug|x86.Build.0 = Debug|Any CPU
		{E156BA81-1140-46EC-AEA0-DE3B68BC7D29}.Release|Any CPU.ActiveCfg = Release|Any CPU
		{E156BA81-1140-46EC-AEA0-DE3B68BC7D29}.Release|Any CPU.Build.0 = Release|Any CPU
		{E156BA81-1140-46EC-AEA0-DE3B68BC7D29}.Release|x64.ActiveCfg = Release|Any CPU
		{E156BA81-1140-46EC-AEA0-DE3B68BC7D29}.Release|x64.Build.0 = Release|Any CPU
		{E156BA81-1140-46EC-AEA0-DE3B68BC7D29}.Release|x86.ActiveCfg = Release|Any CPU
		{E156BA81-1140-46EC-AEA0-DE3B68BC7D29}.Release|x86.Build.0 = Release|Any CPU
		{06559E5D-3ED3-4F16-BC0C-74BF06796295}.Debug|Any CPU.ActiveCfg = Debug|Any CPU
		{06559E5D-3ED3-4F16-BC0C-74BF06796295}.Debug|Any CPU.Build.0 = Debug|Any CPU
		{06559E5D-3ED3-4F16-BC0C-74BF06796295}.Debug|x64.ActiveCfg = Debug|Any CPU
		{06559E5D-3ED3-4F16-BC0C-74BF06796295}.Debug|x64.Build.0 = Debug|Any CPU
		{06559E5D-3ED3-4F16-BC0C-74BF06796295}.Debug|x86.ActiveCfg = Debug|Any CPU
		{06559E5D-3ED3-4F16-BC0C-74BF06796295}.Debug|x86.Build.0 = Debug|Any CPU
		{06559E5D-3ED3-4F16-BC0C-74BF06796295}.Release|Any CPU.ActiveCfg = Release|Any CPU
		{06559E5D-3ED3-4F16-BC0C-74BF06796295}.Release|Any CPU.Build.0 = Release|Any CPU
		{06559E5D-3ED3-4F16-BC0C-74BF06796295}.Release|x64.ActiveCfg = Release|Any CPU
		{06559E5D-3ED3-4F16-BC0C-74BF06796295}.Release|x64.Build.0 = Release|Any CPU
		{06559E5D-3ED3-4F16-BC0C-74BF06796295}.Release|x86.ActiveCfg = Release|Any CPU
		{06559E5D-3ED3-4F16-BC0C-74BF06796295}.Release|x86.Build.0 = Release|Any CPU
		{84C1E83C-DFA4-4F86-9637-5A8E926E55BE}.Debug|Any CPU.ActiveCfg = Debug|Any CPU
		{84C1E83C-DFA4-4F86-9637-5A8E926E55BE}.Debug|Any CPU.Build.0 = Debug|Any CPU
		{84C1E83C-DFA4-4F86-9637-5A8E926E55BE}.Debug|x64.ActiveCfg = Debug|Any CPU
		{84C1E83C-DFA4-4F86-9637-5A8E926E55BE}.Debug|x64.Build.0 = Debug|Any CPU
		{84C1E83C-DFA4-4F86-9637-5A8E926E55BE}.Debug|x86.ActiveCfg = Debug|Any CPU
		{84C1E83C-DFA4-4F86-9637-5A8E926E55BE}.Debug|x86.Build.0 = Debug|Any CPU
		{84C1E83C-DFA4-4F86-9637-5A8E926E55BE}.Release|Any CPU.ActiveCfg = Release|Any CPU
		{84C1E83C-DFA4-4F86-9637-5A8E926E55BE}.Release|Any CPU.Build.0 = Release|Any CPU
		{84C1E83C-DFA4-4F86-9637-5A8E926E55BE}.Release|x64.ActiveCfg = Release|Any CPU
		{84C1E83C-DFA4-4F86-9637-5A8E926E55BE}.Release|x64.Build.0 = Release|Any CPU
		{84C1E83C-DFA4-4F86-9637-5A8E926E55BE}.Release|x86.ActiveCfg = Release|Any CPU
		{84C1E83C-DFA4-4F86-9637-5A8E926E55BE}.Release|x86.Build.0 = Release|Any CPU
	EndGlobalSection
	GlobalSection(SolutionProperties) = preSolution
		HideSolutionNode = FALSE
	EndGlobalSection
	GlobalSection(NestedProjects) = preSolution
		{93468B5E-0367-4A0A-AA24-BD4827D74B55} = {F251D05E-FF11-4FBC-AC2A-C5649B69D474}
		{0C2C3BFF-DCB1-4B5E-ABB4-AD8E91292926} = {0FC8DD69-F9BC-45AE-A667-B8B536C9C81A}
		{0FC8DD69-F9BC-45AE-A667-B8B536C9C81A} = {3F814391-F244-43D3-BFBD-E0096C1E28AD}
		{79B65C7C-CDCB-4A2D-B076-4000819C2D10} = {3F814391-F244-43D3-BFBD-E0096C1E28AD}
		{D31D497D-FA6C-4B09-B034-88CB7AC9E342} = {79B65C7C-CDCB-4A2D-B076-4000819C2D10}
		{3FCA3119-90B1-47C8-8E9B-7F2C8F99C48D} = {F251D05E-FF11-4FBC-AC2A-C5649B69D474}
		{F6E37113-5641-4D1F-A360-98F5243E7ED8} = {3F814391-F244-43D3-BFBD-E0096C1E28AD}
		{E156BA81-1140-46EC-AEA0-DE3B68BC7D29} = {F251D05E-FF11-4FBC-AC2A-C5649B69D474}
		{06559E5D-3ED3-4F16-BC0C-74BF06796295} = {F251D05E-FF11-4FBC-AC2A-C5649B69D474}
		{84C1E83C-DFA4-4F86-9637-5A8E926E55BE} = {0FC8DD69-F9BC-45AE-A667-B8B536C9C81A}
	EndGlobalSection
	GlobalSection(ExtensibilityGlobals) = postSolution
		SolutionGuid = {FC424604-B08F-442F-8702-93FA99A68B71}
	EndGlobalSection
EndGlobal
